
Microsoft Visual Studio Solution File, Format Version 12.00
# Visual Studio Version 17
VisualStudioVersion = 17.14.36202.13 d17.14
MinimumVisualStudioVersion = 10.0.40219.1
Project("{FAE04EC0-301F-11D3-BF4B-00C04F79EFBC}") = "blogapi", "blogapi\blogapi.csproj", "{6E002CBC-6AC1-4251-8414-BE2E03BAA469}"
EndProject
Project("{54A90642-561A-4BB1-A94E-469ADEE60C69}") = "blogwebapp", "..\..\WebApp\AngularProject1\blogwebapp.esproj", "{FBAE42AC-875F-D99D-D2D7-0DBF5281BA29}"
EndProject
Global
	GlobalSection(SolutionConfigurationPlatforms) = preSolution
		Debug|Any CPU = Debug|Any CPU
		Release|Any CPU = Release|Any CPU
	EndGlobalSection
	GlobalSection(ProjectConfigurationPlatforms) = postSolution
		{6E002CBC-6AC1-4251-8414-BE2E03BAA469}.Debug|Any CPU.ActiveCfg = Debug|Any CPU
		{6E002CBC-6AC1-4251-8414-BE2E03BAA469}.Debug|Any CPU.Build.0 = Debug|Any CPU
		{6E002CBC-6AC1-4251-8414-BE2E03BAA469}.Release|Any CPU.ActiveCfg = Release|Any CPU
		{6E002CBC-6AC1-4251-8414-BE2E03BAA469}.Release|Any CPU.Build.0 = Release|Any CPU
		{FBAE42AC-875F-D99D-D2D7-0DBF5281BA29}.Debug|Any CPU.ActiveCfg = Debug|Any CPU
		{FBAE42AC-875F-D99D-D2D7-0DBF5281BA29}.Debug|Any CPU.Build.0 = Debug|Any CPU
		{FBAE42AC-875F-D99D-D2D7-0DBF5281BA29}.Debug|Any CPU.Deploy.0 = Debug|Any CPU
		{FBAE42AC-875F-D99D-D2D7-0DBF5281BA29}.Release|Any CPU.ActiveCfg = Release|Any CPU
		{FBAE42AC-875F-D99D-D2D7-0DBF5281BA29}.Release|Any CPU.Build.0 = Release|Any CPU
		{FBAE42AC-875F-D99D-D2D7-0DBF5281BA29}.Release|Any CPU.Deploy.0 = Release|Any CPU
	EndGlobalSection
	GlobalSection(SolutionProperties) = preSolution
		HideSolutionNode = FALSE
	EndGlobalSection
	GlobalSection(ExtensibilityGlobals) = postSolution
		SolutionGuid = {366E14FF-0B18-42B9-BE29-50118AD31F34}
	EndGlobalSection
EndGlobal
